{
  "name": "maskingtape.css",
  "version": "1.4.3",
  "lockfileVersion": 1,
  "requires": true,
  "dependencies": {
    "esm": {
      "version": "3.2.25",
      "resolved": "https://registry.npmjs.org/esm/-/esm-3.2.25.tgz",
      "integrity": "sha512-U1suiZ2oDVWv4zPO56S0NcR5QriEahGtdN2OR6FiOG4WJvcjBVFB0qI4+eKoWFH483PKGuLuu6V8Z4T5g63UVA=="
    },
    "jtype-system": {
      "version": "1.1.12",
      "resolved": "https://registry.npmjs.org/jtype-system/-/jtype-system-1.1.12.tgz",
      "integrity": "sha512-4hAHg9obQZ64NcFUB40XFcRUzHadiU4D9N8izNf1J/JL39jjCFlYvrSedx8IEIj7VBBUpGrhnYNvO2qhE1uFSA==",
      "requires": {
        "esm": "^3.0.74"
      }
    }
  }
}
