{
  "name": "maskingtape.css",
  "version": "1.4.2",
  "lockfileVersion": 1,
  "requires": true,
  "dependencies": {
    "esm": {
      "version": "3.0.81",
      "resolved": "https://registry.npmjs.org/esm/-/esm-3.0.81.tgz",
      "integrity": "sha512-wnubKl/s/p0iTCTi+c5oNKdTFnvTBKXQ64Y46/q9xuEX3aLCRMnpAU0DKdDK5adwlP1Oc1Y8dlkiWGt2SLSMmw=="
    },
    "jtype-system": {
      "version": "1.0.4",
      "resolved": "https://registry.npmjs.org/jtype-system/-/jtype-system-1.0.4.tgz",
      "integrity": "sha512-LXzoSBjwBiIRfPsYUJYSM8BplCwutw/Bsb/T8WojWSaRCjJI6YkcfdoL2TzRS+cOAz/MKhKZWU1iKAJdnkco2Q==",
      "requires": {
        "esm": "^3.0.74"
      }
    }
  }
}
